
Microsoft Visual Studio Solution File, Format Version 12.00
# Visual Studio Version 17
VisualStudioVersion = 17.5.002.0
MinimumVisualStudioVersion = 10.0.40219.1
Project("{9A19103F-16F7-4668-BE54-9A1E7A4F7556}") = "dotnetprogramlama", "dotnetprogramlama.csproj", "{EA06E4F4-3CBD-47F1-911C-7414AAD1A588}"
EndProject
Global
	GlobalSection(SolutionConfigurationPlatforms) = preSolution
		Debug|Any CPU = Debug|Any CPU
		Release|Any CPU = Release|Any CPU
	EndGlobalSection
	GlobalSection(ProjectConfigurationPlatforms) = postSolution
		{EA06E4F4-3CBD-47F1-911C-7414AAD1A588}.Debug|Any CPU.ActiveCfg = Debug|Any CPU
		{EA06E4F4-3CBD-47F1-911C-7414AAD1A588}.Debug|Any CPU.Build.0 = Debug|Any CPU
		{EA06E4F4-3CBD-47F1-911C-7414AAD1A588}.Release|Any CPU.ActiveCfg = Release|Any CPU
		{EA06E4F4-3CBD-47F1-911C-7414AAD1A588}.Release|Any CPU.Build.0 = Release|Any CPU
	EndGlobalSection
	GlobalSection(SolutionProperties) = preSolution
		HideSolutionNode = FALSE
	EndGlobalSection
	GlobalSection(ExtensibilityGlobals) = postSolution
		SolutionGuid = {81BE8C23-827F-4E27-9E0A-F691B32F3087}
	EndGlobalSection
EndGlobal
